
Microsoft Visual Studio Solution File, Format Version 12.00
# Visual Studio Version 17
VisualStudioVersion = 17.0.31903.59
MinimumVisualStudioVersion = 10.0.40219.1
Project("{9A19103F-16F7-4668-BE54-9A1E7A4F7556}") = "Guess-the-number", "Guess-the-number.csproj", "{DC14A173-C259-42E5-A097-CCAACB89E337}"
EndProject
Project("{FAE04EC0-301F-11D3-BF4B-00C04F79EFBC}") = "Guess-the-number.Tests", "Guess-the-number.Tests\Guess-the-number.Tests.csproj", "{B95B4B1D-660D-46CB-8E3D-4779DF780A96}"
EndProject
Global
	GlobalSection(SolutionConfigurationPlatforms) = preSolution
		Debug|Any CPU = Debug|Any CPU
		Release|Any CPU = Release|Any CPU
	EndGlobalSection
	GlobalSection(SolutionProperties) = preSolution
		HideSolutionNode = FALSE
	EndGlobalSection
	GlobalSection(ProjectConfigurationPlatforms) = postSolution
		{B95B4B1D-660D-46CB-8E3D-4779DF780A96}.Debug|Any CPU.ActiveCfg = Debug|Any CPU
		{B95B4B1D-660D-46CB-8E3D-4779DF780A96}.Debug|Any CPU.Build.0 = Debug|Any CPU
		{B95B4B1D-660D-46CB-8E3D-4779DF780A96}.Release|Any CPU.ActiveCfg = Release|Any CPU
		{B95B4B1D-660D-46CB-8E3D-4779DF780A96}.Release|Any CPU.Build.0 = Release|Any CPU
	EndGlobalSection
EndGlobal
